
Microsoft Visual Studio Solution File, Format Version 12.00
# Visual Studio Version 17
VisualStudioVersion = 17.13.35931.197 d17.13
MinimumVisualStudioVersion = 10.0.40219.1
Project("{FAE04EC0-301F-11D3-BF4B-00C04F79EFBC}") = "SchoolApi", "SchoolApi.csproj", "{946D89F7-63BB-4AE5-8AF5-B84E6314E4A0}"
EndProject
Project("{FAE04EC0-301F-11D3-BF4B-00C04F79EFBC}") = "SchoolData", "..\SchoolData\SchoolData.csproj", "{D34A9AAA-D9CF-4BAC-8146-A630F2AB54F1}"
EndProject
Project("{FAE04EC0-301F-11D3-BF4B-00C04F79EFBC}") = "SchoolBus", "..\SchoolBus\SchoolBus.csproj", "{343A384F-5AC4-46B8-9E33-2DFA4B73BDBC}"
EndProject
Global
	GlobalSection(SolutionConfigurationPlatforms) = preSolution
		Debug|Any CPU = Debug|Any CPU
		Release|Any CPU = Release|Any CPU
	EndGlobalSection
	GlobalSection(ProjectConfigurationPlatforms) = postSolution
		{946D89F7-63BB-4AE5-8AF5-B84E6314E4A0}.Debug|Any CPU.ActiveCfg = Debug|Any CPU
		{946D89F7-63BB-4AE5-8AF5-B84E6314E4A0}.Debug|Any CPU.Build.0 = Debug|Any CPU
		{946D89F7-63BB-4AE5-8AF5-B84E6314E4A0}.Release|Any CPU.ActiveCfg = Release|Any CPU
		{946D89F7-63BB-4AE5-8AF5-B84E6314E4A0}.Release|Any CPU.Build.0 = Release|Any CPU
		{D34A9AAA-D9CF-4BAC-8146-A630F2AB54F1}.Debug|Any CPU.ActiveCfg = Debug|Any CPU
		{D34A9AAA-D9CF-4BAC-8146-A630F2AB54F1}.Debug|Any CPU.Build.0 = Debug|Any CPU
		{D34A9AAA-D9CF-4BAC-8146-A630F2AB54F1}.Release|Any CPU.ActiveCfg = Release|Any CPU
		{D34A9AAA-D9CF-4BAC-8146-A630F2AB54F1}.Release|Any CPU.Build.0 = Release|Any CPU
		{343A384F-5AC4-46B8-9E33-2DFA4B73BDBC}.Debug|Any CPU.ActiveCfg = Debug|Any CPU
		{343A384F-5AC4-46B8-9E33-2DFA4B73BDBC}.Debug|Any CPU.Build.0 = Debug|Any CPU
		{343A384F-5AC4-46B8-9E33-2DFA4B73BDBC}.Release|Any CPU.ActiveCfg = Release|Any CPU
		{343A384F-5AC4-46B8-9E33-2DFA4B73BDBC}.Release|Any CPU.Build.0 = Release|Any CPU
	EndGlobalSection
	GlobalSection(SolutionProperties) = preSolution
		HideSolutionNode = FALSE
	EndGlobalSection
	GlobalSection(ExtensibilityGlobals) = postSolution
		SolutionGuid = {15AF5307-9C96-4624-A10B-DDDD2139AD61}
	EndGlobalSection
EndGlobal
